
Microsoft Visual Studio Solution File, Format Version 12.00
# Visual Studio Version 17
VisualStudioVersion = 17.10.35122.118
MinimumVisualStudioVersion = 10.0.40219.1
Project("{888888A0-9F3D-457C-B088-3A5042F75D52}") = "3KLSC-MISAELLOPEZ- 10", "3KLSC-MISAELLOPEZ- 10\3KLSC-MISAELLOPEZ- 10.pyproj", "{C2619D0F-CC54-48AF-A9AB-0E824A4D44DB}"
EndProject
Global
	GlobalSection(SolutionConfigurationPlatforms) = preSolution
		Debug|Any CPU = Debug|Any CPU
		Release|Any CPU = Release|Any CPU
	EndGlobalSection
	GlobalSection(ProjectConfigurationPlatforms) = postSolution
		{C2619D0F-CC54-48AF-A9AB-0E824A4D44DB}.Debug|Any CPU.ActiveCfg = Debug|Any CPU
		{C2619D0F-CC54-48AF-A9AB-0E824A4D44DB}.Release|Any CPU.ActiveCfg = Release|Any CPU
	EndGlobalSection
	GlobalSection(SolutionProperties) = preSolution
		HideSolutionNode = FALSE
	EndGlobalSection
	GlobalSection(ExtensibilityGlobals) = postSolution
		SolutionGuid = {EE3937DF-50DA-4920-BF71-6B0DB417121A}
	EndGlobalSection
EndGlobal
